[root]
name = "rusty_battleships"
version = "0.0.1"
dependencies = [
 "argparse 0.2.1 (registry+https://github.com/rust-lang/crates.io-index)",
 "qmlrs 0.0.1 (git+git://github.com/Landkeks/qmlrs.git)",
]

[[package]]
name = "argparse"
version = "0.2.1"
source = "registry+https://github.com/rust-lang/crates.io-index"

[[package]]
name = "libc"
version = "0.2.5"
source = "registry+https://github.com/rust-lang/crates.io-index"

[[package]]
name = "pkg-config"
version = "0.3.6"
source = "git+https://github.com/alexcrichton/pkg-config-rs#6ef53c5053bd287b37084f34ddb51b594821a54b"

[[package]]
name = "qmlrs"
version = "0.0.1"
source = "git+git://github.com/Landkeks/qmlrs.git#51d5a7e006f18f7b85e437e908a46c0a73f3c872"
dependencies = [
 "libc 0.2.5 (registry+https://github.com/rust-lang/crates.io-index)",
 "pkg-config 0.3.6 (git+https://github.com/alexcrichton/pkg-config-rs)",
]

